
Microsoft Visual Studio Solution File, Format Version 12.00
# Visual Studio Version 16
VisualStudioVersion = 16.0.29905.134
MinimumVisualStudioVersion = 10.0.40219.1
Project("{FAE04EC0-301F-11D3-BF4B-00C04F79EFBC}") = "Calculadora", "Calculadora\Calculadora.csproj", "{3407BD95-FDE8-473F-9ED0-323FE8836D58}"
EndProject
Project("{54435603-DBB4-11D2-8724-00A0C9A8B90C}") = "Setup1", "Setup1\Setup1.vdproj", "{2EFD98C7-4EBB-405C-AF5D-28629C23AD8E}"
EndProject
Global
	GlobalSection(SolutionConfigurationPlatforms) = preSolution
		Debug|Any CPU = Debug|Any CPU
		Release|Any CPU = Release|Any CPU
	EndGlobalSection
	GlobalSection(ProjectConfigurationPlatforms) = postSolution
		{3407BD95-FDE8-473F-9ED0-323FE8836D58}.Debug|Any CPU.ActiveCfg = Debug|Any CPU
		{3407BD95-FDE8-473F-9ED0-323FE8836D58}.Debug|Any CPU.Build.0 = Debug|Any CPU
		{3407BD95-FDE8-473F-9ED0-323FE8836D58}.Release|Any CPU.ActiveCfg = Release|Any CPU
		{3407BD95-FDE8-473F-9ED0-323FE8836D58}.Release|Any CPU.Build.0 = Release|Any CPU
		{2EFD98C7-4EBB-405C-AF5D-28629C23AD8E}.Debug|Any CPU.ActiveCfg = Debug
		{2EFD98C7-4EBB-405C-AF5D-28629C23AD8E}.Release|Any CPU.ActiveCfg = Release
	EndGlobalSection
	GlobalSection(SolutionProperties) = preSolution
		HideSolutionNode = FALSE
	EndGlobalSection
	GlobalSection(ExtensibilityGlobals) = postSolution
		SolutionGuid = {869BFCEE-E80D-41EB-BC7B-5989F3B141AA}
	EndGlobalSection
EndGlobal
